// !$*UTF8*$!
{
	archiveVersion = 1;
	classes = {
	};
	objectVersion = 56;
	objects = {

/* Begin PBXBuildFile section */
		70CE7C1BBD12D92AD996BF04 /* Pods_Instagram.framework in Frameworks */ = {isa = PBXBuildFile; fileRef = 0AC9E6AB5C74465FE73210F0 /* Pods_Instagram.framework */; };
		FA2711602A9BAB1100F16A54 /* Extensions.swift in Sources */ = {isa = PBXBuildFile; fileRef = FA27115F2A9BAB1100F16A54 /* Extensions.swift */; };
		FA9C60EB2A9B9B63002BE2D3 /* AppDelegate.swift in Sources */ = {isa = PBXBuildFile; fileRef = FA9C60EA2A9B9B63002BE2D3 /* AppDelegate.swift */; };
		FA9C60ED2A9B9B63002BE2D3 /* SceneDelegate.swift in Sources */ = {isa = PBXBuildFile; fileRef = FA9C60EC2A9B9B63002BE2D3 /* SceneDelegate.swift */; };
		FA9C60EF2A9B9B63002BE2D3 /* HomeViewController.swift in Sources */ = {isa = PBXBuildFile; fileRef = FA9C60EE2A9B9B63002BE2D3 /* HomeViewController.swift */; };
		FA9C60F22A9B9B63002BE2D3 /* Main.storyboard in Resources */ = {isa = PBXBuildFile; fileRef = FA9C60F02A9B9B63002BE2D3 /* Main.storyboard */; };
		FA9C60F42A9B9B64002BE2D3 /* Assets.xcassets in Resources */ = {isa = PBXBuildFile; fileRef = FA9C60F32A9B9B64002BE2D3 /* Assets.xcassets */; };
		FA9C60F72A9B9B64002BE2D3 /* LaunchScreen.storyboard in Resources */ = {isa = PBXBuildFile; fileRef = FA9C60F52A9B9B64002BE2D3 /* LaunchScreen.storyboard */; };
		FA9C61042A9B9C9B002BE2D3 /* ExploreViewController.swift in Sources */ = {isa = PBXBuildFile; fileRef = FA9C61032A9B9C9B002BE2D3 /* ExploreViewController.swift */; };
		FA9C61062A9B9CB0002BE2D3 /* CameraViewController.swift in Sources */ = {isa = PBXBuildFile; fileRef = FA9C61052A9B9CB0002BE2D3 /* CameraViewController.swift */; };
		FA9C61082A9B9CC4002BE2D3 /* NotificationsViewController.swift in Sources */ = {isa = PBXBuildFile; fileRef = FA9C61072A9B9CC4002BE2D3 /* NotificationsViewController.swift */; };
		FA9C610A2A9B9CCF002BE2D3 /* ProfileViewController.swift in Sources */ = {isa = PBXBuildFile; fileRef = FA9C61092A9B9CCF002BE2D3 /* ProfileViewController.swift */; };
		FA9C610F2A9B9D10002BE2D3 /* LoginViewController.swift in Sources */ = {isa = PBXBuildFile; fileRef = FA9C610E2A9B9D10002BE2D3 /* LoginViewController.swift */; };
		FA9C61112A9B9D20002BE2D3 /* RegistrationViewController.swift in Sources */ = {isa = PBXBuildFile; fileRef = FA9C61102A9B9D20002BE2D3 /* RegistrationViewController.swift */; };
		FA9C61132A9B9D39002BE2D3 /* PostViewController.swift in Sources */ = {isa = PBXBuildFile; fileRef = FA9C61122A9B9D39002BE2D3 /* PostViewController.swift */; };
		FA9C61152A9B9D55002BE2D3 /* EditProfileViewController.swift in Sources */ = {isa = PBXBuildFile; fileRef = FA9C61142A9B9D55002BE2D3 /* EditProfileViewController.swift */; };
		FA9C61172A9B9D63002BE2D3 /* SettingsViewController.swift in Sources */ = {isa = PBXBuildFile; fileRef = FA9C61162A9B9D63002BE2D3 /* SettingsViewController.swift */; };
		FA9C61192A9B9D70002BE2D3 /* ListViewController.swift in Sources */ = {isa = PBXBuildFile; fileRef = FA9C61182A9B9D70002BE2D3 /* ListViewController.swift */; };
		FA9C611B2A9B9D8C002BE2D3 /* SearchViewController.swift in Sources */ = {isa = PBXBuildFile; fileRef = FA9C611A2A9B9D8C002BE2D3 /* SearchViewController.swift */; };
		FA9C611D2A9B9DA9002BE2D3 /* SearchResultViewController.swift in Sources */ = {isa = PBXBuildFile; fileRef = FA9C611C2A9B9DA9002BE2D3 /* SearchResultViewController.swift */; };
		FA9C611F2A9B9DC6002BE2D3 /* PostEditorViewController.swift in Sources */ = {isa = PBXBuildFile; fileRef = FA9C611E2A9B9DC6002BE2D3 /* PostEditorViewController.swift */; };
		FA9C61212A9B9DD5002BE2D3 /* PublishPostViewController.swift in Sources */ = {isa = PBXBuildFile; fileRef = FA9C61202A9B9DD5002BE2D3 /* PublishPostViewController.swift */; };
		FA9C61232A9BA32A002BE2D3 /* GoogleService-Info.plist in Resources */ = {isa = PBXBuildFile; fileRef = FA9C61222A9BA32A002BE2D3 /* GoogleService-Info.plist */; };
		FA9C61262A9BA65C002BE2D3 /* DatabaseManager.swift in Sources */ = {isa = PBXBuildFile; fileRef = FA9C61252A9BA65C002BE2D3 /* DatabaseManager.swift */; };
		FA9C61282A9BA6EB002BE2D3 /* AuthManager.swift in Sources */ = {isa = PBXBuildFile; fileRef = FA9C61272A9BA6EB002BE2D3 /* AuthManager.swift */; };
		FA9C612A2A9BA715002BE2D3 /* StorageManager.swift in Sources */ = {isa = PBXBuildFile; fileRef = FA9C61292A9BA715002BE2D3 /* StorageManager.swift */; };
		FAABDBAD2A9BE2240069B94F /* Constants.swift in Sources */ = {isa = PBXBuildFile; fileRef = FAABDBAC2A9BE2240069B94F /* Constants.swift */; };
		FAB915CF2A9E466300A9A1EF /* IQFeedPostTableViewCell.swift in Sources */ = {isa = PBXBuildFile; fileRef = FAB915CE2A9E466300A9A1EF /* IQFeedPostTableViewCell.swift */; };
		FAB915D22A9E479100A9A1EF /* IQFeedPostHeaderTableViewCell.swift in Sources */ = {isa = PBXBuildFile; fileRef = FAB915D12A9E479100A9A1EF /* IQFeedPostHeaderTableViewCell.swift */; };
		FAB915D42A9E47B200A9A1EF /* IQFeedPostActionTableViewCell.swift in Sources */ = {isa = PBXBuildFile; fileRef = FAB915D32A9E47B200A9A1EF /* IQFeedPostActionTableViewCell.swift */; };
		FAB915D62A9E47CC00A9A1EF /* IQFeedPostGeneralTableViewCell.swift in Sources */ = {isa = PBXBuildFile; fileRef = FAB915D52A9E47CC00A9A1EF /* IQFeedPostGeneralTableViewCell.swift */; };
/* End PBXBuildFile section */

/* Begin PBXFileReference section */
		0AC9E6AB5C74465FE73210F0 /* Pods_Instagram.framework */ = {isa = PBXFileReference; explicitFileType = wrapper.framework; includeInIndex = 0; path = Pods_Instagram.framework; sourceTree = BUILT_PRODUCTS_DIR; };
		5E1F891BFD8ECB067D0EDFA5 /* Pods-Instagram.release.xcconfig */ = {isa = PBXFileReference; includeInIndex = 1; lastKnownFileType = text.xcconfig; name = "Pods-Instagram.release.xcconfig"; path = "Target Support Files/Pods-Instagram/Pods-Instagram.release.xcconfig"; sourceTree = "<group>"; };
		D449EFF7D45B8F1D7A1420D4 /* Pods-Instagram.debug.xcconfig */ = {isa = PBXFileReference; includeInIndex = 1; lastKnownFileType = text.xcconfig; name = "Pods-Instagram.debug.xcconfig"; path = "Target Support Files/Pods-Instagram/Pods-Instagram.debug.xcconfig"; sourceTree = "<group>"; };
		FA27115F2A9BAB1100F16A54 /* Extensions.swift */ = {isa = PBXFileReference; lastKnownFileType = sourcecode.swift; path = Extensions.swift; sourceTree = "<group>"; };
		FA9C60E72A9B9B63002BE2D3 /* Instagram.app */ = {isa = PBXFileReference; explicitFileType = wrapper.application; includeInIndex = 0; path = Instagram.app; sourceTree = BUILT_PRODUCTS_DIR; };
		FA9C60EA2A9B9B63002BE2D3 /* AppDelegate.swift */ = {isa = PBXFileReference; lastKnownFileType = sourcecode.swift; path = AppDelegate.swift; sourceTree = "<group>"; };
		FA9C60EC2A9B9B63002BE2D3 /* SceneDelegate.swift */ = {isa = PBXFileReference; lastKnownFileType = sourcecode.swift; path = SceneDelegate.swift; sourceTree = "<group>"; };
		FA9C60EE2A9B9B63002BE2D3 /* HomeViewController.swift */ = {isa = PBXFileReference; lastKnownFileType = sourcecode.swift; path = HomeViewController.swift; sourceTree = "<group>"; };
		FA9C60F12A9B9B63002BE2D3 /* Base */ = {isa = PBXFileReference; lastKnownFileType = file.storyboard; name = Base; path = Base.lproj/Main.storyboard; sourceTree = "<group>"; };
		FA9C60F32A9B9B64002BE2D3 /* Assets.xcassets */ = {isa = PBXFileReference; lastKnownFileType = folder.assetcatalog; path = Assets.xcassets; sourceTree = "<group>"; };
		FA9C60F62A9B9B64002BE2D3 /* Base */ = {isa = PBXFileReference; lastKnownFileType = file.storyboard; name = Base; path = Base.lproj/LaunchScreen.storyboard; sourceTree = "<group>"; };
		FA9C60F82A9B9B64002BE2D3 /* Info.plist */ = {isa = PBXFileReference; lastKnownFileType = text.plist.xml; path = Info.plist; sourceTree = "<group>"; };
		FA9C61032A9B9C9B002BE2D3 /* ExploreViewController.swift */ = {isa = PBXFileReference; lastKnownFileType = sourcecode.swift; path = ExploreViewController.swift; sourceTree = "<group>"; };
		FA9C61052A9B9CB0002BE2D3 /* CameraViewController.swift */ = {isa = PBXFileReference; lastKnownFileType = sourcecode.swift; path = CameraViewController.swift; sourceTree = "<group>"; };
		FA9C61072A9B9CC4002BE2D3 /* NotificationsViewController.swift */ = {isa = PBXFileReference; lastKnownFileType = sourcecode.swift; path = NotificationsViewController.swift; sourceTree = "<group>"; };
		FA9C61092A9B9CCF002BE2D3 /* ProfileViewController.swift */ = {isa = PBXFileReference; lastKnownFileType = sourcecode.swift; path = ProfileViewController.swift; sourceTree = "<group>"; };
		FA9C610E2A9B9D10002BE2D3 /* LoginViewController.swift */ = {isa = PBXFileReference; lastKnownFileType = sourcecode.swift; path = LoginViewController.swift; sourceTree = "<group>"; };
		FA9C61102A9B9D20002BE2D3 /* RegistrationViewController.swift */ = {isa = PBXFileReference; lastKnownFileType = sourcecode.swift; path = RegistrationViewController.swift; sourceTree = "<group>"; };
		FA9C61122A9B9D39002BE2D3 /* PostViewController.swift */ = {isa = PBXFileReference; lastKnownFileType = sourcecode.swift; path = PostViewController.swift; sourceTree = "<group>"; };
		FA9C61142A9B9D55002BE2D3 /* EditProfileViewController.swift */ = {isa = PBXFileReference; lastKnownFileType = sourcecode.swift; path = EditProfileViewController.swift; sourceTree = "<group>"; };
		FA9C61162A9B9D63002BE2D3 /* SettingsViewController.swift */ = {isa = PBXFileReference; lastKnownFileType = sourcecode.swift; path = SettingsViewController.swift; sourceTree = "<group>"; };
		FA9C61182A9B9D70002BE2D3 /* ListViewController.swift */ = {isa = PBXFileReference; lastKnownFileType = sourcecode.swift; path = ListViewController.swift; sourceTree = "<group>"; };
		FA9C611A2A9B9D8C002BE2D3 /* SearchViewController.swift */ = {isa = PBXFileReference; lastKnownFileType = sourcecode.swift; path = SearchViewController.swift; sourceTree = "<group>"; };
		FA9C611C2A9B9DA9002BE2D3 /* SearchResultViewController.swift */ = {isa = PBXFileReference; lastKnownFileType = sourcecode.swift; path = SearchResultViewController.swift; sourceTree = "<group>"; };
		FA9C611E2A9B9DC6002BE2D3 /* PostEditorViewController.swift */ = {isa = PBXFileReference; lastKnownFileType = sourcecode.swift; path = PostEditorViewController.swift; sourceTree = "<group>"; };
		FA9C61202A9B9DD5002BE2D3 /* PublishPostViewController.swift */ = {isa = PBXFileReference; lastKnownFileType = sourcecode.swift; path = PublishPostViewController.swift; sourceTree = "<group>"; };
		FA9C61222A9BA32A002BE2D3 /* GoogleService-Info.plist */ = {isa = PBXFileReference; fileEncoding = 4; lastKnownFileType = text.plist.xml; path = "GoogleService-Info.plist"; sourceTree = "<group>"; };
		FA9C61252A9BA65C002BE2D3 /* DatabaseManager.swift */ = {isa = PBXFileReference; lastKnownFileType = sourcecode.swift; path = DatabaseManager.swift; sourceTree = "<group>"; };
		FA9C61272A9BA6EB002BE2D3 /* AuthManager.swift */ = {isa = PBXFileReference; lastKnownFileType = sourcecode.swift; path = AuthManager.swift; sourceTree = "<group>"; };
		FA9C61292A9BA715002BE2D3 /* StorageManager.swift */ = {isa = PBXFileReference; lastKnownFileType = sourcecode.swift; path = StorageManager.swift; sourceTree = "<group>"; };
		FAABDBAC2A9BE2240069B94F /* Constants.swift */ = {isa = PBXFileReference; lastKnownFileType = sourcecode.swift; path = Constants.swift; sourceTree = "<group>"; };
		FAB915CE2A9E466300A9A1EF /* IQFeedPostTableViewCell.swift */ = {isa = PBXFileReference; lastKnownFileType = sourcecode.swift; path = IQFeedPostTableViewCell.swift; sourceTree = "<group>"; };
		FAB915D12A9E479100A9A1EF /* IQFeedPostHeaderTableViewCell.swift */ = {isa = PBXFileReference; lastKnownFileType = sourcecode.swift; path = IQFeedPostHeaderTableViewCell.swift; sourceTree = "<group>"; };
		FAB915D32A9E47B200A9A1EF /* IQFeedPostActionTableViewCell.swift */ = {isa = PBXFileReference; lastKnownFileType = sourcecode.swift; path = IQFeedPostActionTableViewCell.swift; sourceTree = "<group>"; };
		FAB915D52A9E47CC00A9A1EF /* IQFeedPostGeneralTableViewCell.swift */ = {isa = PBXFileReference; lastKnownFileType = sourcecode.swift; path = IQFeedPostGeneralTableViewCell.swift; sourceTree = "<group>"; };
/* End PBXFileReference section */

/* Begin PBXFrameworksBuildPhase section */
		FA9C60E42A9B9B63002BE2D3 /* Frameworks */ = {
			isa = PBXFrameworksBuildPhase;
			buildActionMask = 2147483647;
			files = (
				70CE7C1BBD12D92AD996BF04 /* Pods_Instagram.framework in Frameworks */,
			);
			runOnlyForDeploymentPostprocessing = 0;
		};
/* End PBXFrameworksBuildPhase section */

/* Begin PBXGroup section */
		7A3A199F5B80EED9FBBA3C5A /* Pods */ = {
			isa = PBXGroup;
			children = (
				D449EFF7D45B8F1D7A1420D4 /* Pods-Instagram.debug.xcconfig */,
				5E1F891BFD8ECB067D0EDFA5 /* Pods-Instagram.release.xcconfig */,
			);
			path = Pods;
			sourceTree = "<group>";
		};
		DDD58A3747C942E3C618F4F2 /* Frameworks */ = {
			isa = PBXGroup;
			children = (
				0AC9E6AB5C74465FE73210F0 /* Pods_Instagram.framework */,
			);
			name = Frameworks;
			sourceTree = "<group>";
		};
		FA9C60DE2A9B9B63002BE2D3 = {
			isa = PBXGroup;
			children = (
				FA9C60E92A9B9B63002BE2D3 /* Instagram */,
				FA9C60E82A9B9B63002BE2D3 /* Products */,
				7A3A199F5B80EED9FBBA3C5A /* Pods */,
				DDD58A3747C942E3C618F4F2 /* Frameworks */,
			);
			sourceTree = "<group>";
		};
		FA9C60E82A9B9B63002BE2D3 /* Products */ = {
			isa = PBXGroup;
			children = (
				FA9C60E72A9B9B63002BE2D3 /* Instagram.app */,
			);
			name = Products;
			sourceTree = "<group>";
		};
		FA9C60E92A9B9B63002BE2D3 /* Instagram */ = {
			isa = PBXGroup;
			children = (
				FA9C61222A9BA32A002BE2D3 /* GoogleService-Info.plist */,
				FA9C61012A9B9BD2002BE2D3 /* Resources */,
				FA9C61002A9B9BCB002BE2D3 /* Models */,
				FA9C60FF2A9B9BBF002BE2D3 /* Views */,
				FA9C60FE2A9B9BB1002BE2D3 /* Controllers */,
				FA9C60F82A9B9B64002BE2D3 /* Info.plist */,
			);
			path = Instagram;
			sourceTree = "<group>";
		};
		FA9C60FE2A9B9BB1002BE2D3 /* Controllers */ = {
			isa = PBXGroup;
			children = (
				FA9C610C2A9B9CF5002BE2D3 /* Other */,
				FA9C610B2A9B9CDC002BE2D3 /* Core Tabs */,
			);
			path = Controllers;
			sourceTree = "<group>";
		};
		FA9C60FF2A9B9BBF002BE2D3 /* Views */ = {
			isa = PBXGroup;
			children = (
				FAB915CD2A9E463700A9A1EF /* Cells */,
				FA9C60F32A9B9B64002BE2D3 /* Assets.xcassets */,
				FA9C61022A9B9C30002BE2D3 /* Storyboards */,
			);
			path = Views;
			sourceTree = "<group>";
		};
		FA9C61002A9B9BCB002BE2D3 /* Models */ = {
			isa = PBXGroup;
			children = (
			);
			path = Models;
			sourceTree = "<group>";
		};
		FA9C61012A9B9BD2002BE2D3 /* Resources */ = {
			isa = PBXGroup;
			children = (
				FA9C60EA2A9B9B63002BE2D3 /* AppDelegate.swift */,
				FA9C60EC2A9B9B63002BE2D3 /* SceneDelegate.swift */,
				FA9C61252A9BA65C002BE2D3 /* DatabaseManager.swift */,
				FA9C61272A9BA6EB002BE2D3 /* AuthManager.swift */,
				FA9C61292A9BA715002BE2D3 /* StorageManager.swift */,
				FA27115F2A9BAB1100F16A54 /* Extensions.swift */,
				FAABDBAC2A9BE2240069B94F /* Constants.swift */,
			);
			path = Resources;
			sourceTree = "<group>";
		};
		FA9C61022A9B9C30002BE2D3 /* Storyboards */ = {
			isa = PBXGroup;
			children = (
				FA9C60F02A9B9B63002BE2D3 /* Main.storyboard */,
				FA9C60F52A9B9B64002BE2D3 /* LaunchScreen.storyboard */,
			);
			path = Storyboards;
			sourceTree = "<group>";
		};
		FA9C610B2A9B9CDC002BE2D3 /* Core Tabs */ = {
			isa = PBXGroup;
			children = (
				FA9C60EE2A9B9B63002BE2D3 /* HomeViewController.swift */,
				FA9C61032A9B9C9B002BE2D3 /* ExploreViewController.swift */,
				FA9C61052A9B9CB0002BE2D3 /* CameraViewController.swift */,
				FA9C61072A9B9CC4002BE2D3 /* NotificationsViewController.swift */,
				FA9C61092A9B9CCF002BE2D3 /* ProfileViewController.swift */,
			);
			path = "Core Tabs";
			sourceTree = "<group>";
		};
		FA9C610C2A9B9CF5002BE2D3 /* Other */ = {
			isa = PBXGroup;
			children = (
				FA9C610D2A9B9D01002BE2D3 /* Onboarding */,
				FA9C61242A9BA5BB002BE2D3 /* General */,
			);
			path = Other;
			sourceTree = "<group>";
		};
		FA9C610D2A9B9D01002BE2D3 /* Onboarding */ = {
			isa = PBXGroup;
			children = (
				FA9C610E2A9B9D10002BE2D3 /* LoginViewController.swift */,
				FA9C61102A9B9D20002BE2D3 /* RegistrationViewController.swift */,
			);
			path = Onboarding;
			sourceTree = "<group>";
		};
		FA9C61242A9BA5BB002BE2D3 /* General */ = {
			isa = PBXGroup;
			children = (
				FA9C61162A9B9D63002BE2D3 /* SettingsViewController.swift */,
				FA9C61122A9B9D39002BE2D3 /* PostViewController.swift */,
				FA9C61142A9B9D55002BE2D3 /* EditProfileViewController.swift */,
				FA9C61182A9B9D70002BE2D3 /* ListViewController.swift */,
				FA9C611A2A9B9D8C002BE2D3 /* SearchViewController.swift */,
				FA9C611C2A9B9DA9002BE2D3 /* SearchResultViewController.swift */,
				FA9C611E2A9B9DC6002BE2D3 /* PostEditorViewController.swift */,
				FA9C61202A9B9DD5002BE2D3 /* PublishPostViewController.swift */,
			);
			path = General;
			sourceTree = "<group>";
		};
		FAB915CD2A9E463700A9A1EF /* Cells */ = {
			isa = PBXGroup;
			children = (
				FAB915D02A9E477400A9A1EF /* Home Feed */,
			);
			path = Cells;
			sourceTree = "<group>";
		};
		FAB915D02A9E477400A9A1EF /* Home Feed */ = {
			isa = PBXGroup;
			children = (
				FAB915CE2A9E466300A9A1EF /* IQFeedPostTableViewCell.swift */,
				FAB915D12A9E479100A9A1EF /* IQFeedPostHeaderTableViewCell.swift */,
				FAB915D32A9E47B200A9A1EF /* IQFeedPostActionTableViewCell.swift */,
				FAB915D52A9E47CC00A9A1EF /* IQFeedPostGeneralTableViewCell.swift */,
			);
			path = "Home Feed";
			sourceTree = "<group>";
		};
/* End PBXGroup section */

/* Begin PBXNativeTarget section */
		FA9C60E62A9B9B63002BE2D3 /* Instagram */ = {
			isa = PBXNativeTarget;
			buildConfigurationList = FA9C60FB2A9B9B64002BE2D3 /* Build configuration list for PBXNativeTarget "Instagram" */;
			buildPhases = (
				84B4052BFE97B7033A5659D3 /* [CP] Check Pods Manifest.lock */,
				FA9C60E32A9B9B63002BE2D3 /* Sources */,
				FA9C60E42A9B9B63002BE2D3 /* Frameworks */,
				FA9C60E52A9B9B63002BE2D3 /* Resources */,
				6CEFEFC15901AE87FC3AECF4 /* [CP] Embed Pods Frameworks */,
			);
			buildRules = (
			);
			dependencies = (
			);
			name = Instagram;
			productName = Instagram;
			productReference = FA9C60E72A9B9B63002BE2D3 /* Instagram.app */;
			productType = "com.apple.product-type.application";
		};
/* End PBXNativeTarget section */

/* Begin PBXProject section */
		FA9C60DF2A9B9B63002BE2D3 /* Project object */ = {
			isa = PBXProject;
			attributes = {
				BuildIndependentTargetsInParallel = 1;
				LastSwiftUpdateCheck = 1420;
				LastUpgradeCheck = 1420;
				TargetAttributes = {
					FA9C60E62A9B9B63002BE2D3 = {
						CreatedOnToolsVersion = 14.2;
					};
				};
			};
			buildConfigurationList = FA9C60E22A9B9B63002BE2D3 /* Build configuration list for PBXProject "Instagram" */;
			compatibilityVersion = "Xcode 14.0";
			developmentRegion = en;
			hasScannedForEncodings = 0;
			knownRegions = (
				en,
				Base,
			);
			mainGroup = FA9C60DE2A9B9B63002BE2D3;
			productRefGroup = FA9C60E82A9B9B63002BE2D3 /* Products */;
			projectDirPath = "";
			projectRoot = "";
			targets = (
				FA9C60E62A9B9B63002BE2D3 /* Instagram */,
			);
		};
/* End PBXProject section */

/* Begin PBXResourcesBuildPhase section */
		FA9C60E52A9B9B63002BE2D3 /* Resources */ = {
			isa = PBXResourcesBuildPhase;
			buildActionMask = 2147483647;
			files = (
				FA9C60F72A9B9B64002BE2D3 /* LaunchScreen.storyboard in Resources */,
				FA9C61232A9BA32A002BE2D3 /* GoogleService-Info.plist in Resources */,
				FA9C60F42A9B9B64002BE2D3 /* Assets.xcassets in Resources */,
				FA9C60F22A9B9B63002BE2D3 /* Main.storyboard in Resources */,
			);
			runOnlyForDeploymentPostprocessing = 0;
		};
/* End PBXResourcesBuildPhase section */

/* Begin PBXShellScriptBuildPhase section */
		6CEFEFC15901AE87FC3AECF4 /* [CP] Embed Pods Frameworks */ = {
			isa = PBXShellScriptBuildPhase;
			buildActionMask = 2147483647;
			files = (
			);
			inputFileListPaths = (
				"${PODS_ROOT}/Target Support Files/Pods-Instagram/Pods-Instagram-frameworks-${CONFIGURATION}-input-files.xcfilelist",
			);
			name = "[CP] Embed Pods Frameworks";
			outputFileListPaths = (
				"${PODS_ROOT}/Target Support Files/Pods-Instagram/Pods-Instagram-frameworks-${CONFIGURATION}-output-files.xcfilelist",
			);
			runOnlyForDeploymentPostprocessing = 0;
			shellPath = /bin/sh;
			shellScript = "\"${PODS_ROOT}/Target Support Files/Pods-Instagram/Pods-Instagram-frameworks.sh\"\n";
			showEnvVarsInLog = 0;
		};
		84B4052BFE97B7033A5659D3 /* [CP] Check Pods Manifest.lock */ = {
			isa = PBXShellScriptBuildPhase;
			buildActionMask = 2147483647;
			files = (
			);
			inputFileListPaths = (
			);
			inputPaths = (
				"${PODS_PODFILE_DIR_PATH}/Podfile.lock",
				"${PODS_ROOT}/Manifest.lock",
			);
			name = "[CP] Check Pods Manifest.lock";
			outputFileListPaths = (
			);
			outputPaths = (
				"$(DERIVED_FILE_DIR)/Pods-Instagram-checkManifestLockResult.txt",
			);
			runOnlyForDeploymentPostprocessing = 0;
			shellPath = /bin/sh;
			shellScript = "diff \"${PODS_PODFILE_DIR_PATH}/Podfile.lock\" \"${PODS_ROOT}/Manifest.lock\" > /dev/null\nif [ $? != 0 ] ; then\n    # print error to STDERR\n    echo \"error: The sandbox is not in sync with the Podfile.lock. Run 'pod install' or update your CocoaPods installation.\" >&2\n    exit 1\nfi\n# This output is used by Xcode 'outputs' to avoid re-running this script phase.\necho \"SUCCESS\" > \"${SCRIPT_OUTPUT_FILE_0}\"\n";
			showEnvVarsInLog = 0;
		};
/* End PBXShellScriptBuildPhase section */

/* Begin PBXSourcesBuildPhase section */
		FA9C60E32A9B9B63002BE2D3 /* Sources */ = {
			isa = PBXSourcesBuildPhase;
			buildActionMask = 2147483647;
			files = (
				FA9C61152A9B9D55002BE2D3 /* EditProfileViewController.swift in Sources */,
				FAB915CF2A9E466300A9A1EF /* IQFeedPostTableViewCell.swift in Sources */,
				FAABDBAD2A9BE2240069B94F /* Constants.swift in Sources */,
				FA9C61042A9B9C9B002BE2D3 /* ExploreViewController.swift in Sources */,
				FA9C61212A9B9DD5002BE2D3 /* PublishPostViewController.swift in Sources */,
				FA9C61062A9B9CB0002BE2D3 /* CameraViewController.swift in Sources */,
				FAB915D22A9E479100A9A1EF /* IQFeedPostHeaderTableViewCell.swift in Sources */,
				FA9C60EF2A9B9B63002BE2D3 /* HomeViewController.swift in Sources */,
				FA9C61112A9B9D20002BE2D3 /* RegistrationViewController.swift in Sources */,
				FA9C611F2A9B9DC6002BE2D3 /* PostEditorViewController.swift in Sources */,
				FAB915D62A9E47CC00A9A1EF /* IQFeedPostGeneralTableViewCell.swift in Sources */,
				FA9C612A2A9BA715002BE2D3 /* StorageManager.swift in Sources */,
				FA9C61132A9B9D39002BE2D3 /* PostViewController.swift in Sources */,
				FA2711602A9BAB1100F16A54 /* Extensions.swift in Sources */,
				FA9C61262A9BA65C002BE2D3 /* DatabaseManager.swift in Sources */,
				FA9C61082A9B9CC4002BE2D3 /* NotificationsViewController.swift in Sources */,
				FA9C611D2A9B9DA9002BE2D3 /* SearchResultViewController.swift in Sources */,
				FA9C610F2A9B9D10002BE2D3 /* LoginViewController.swift in Sources */,
				FAB915D42A9E47B200A9A1EF /* IQFeedPostActionTableViewCell.swift in Sources */,
				FA9C611B2A9B9D8C002BE2D3 /* SearchViewController.swift in Sources */,
				FA9C610A2A9B9CCF002BE2D3 /* ProfileViewController.swift in Sources */,
				FA9C61282A9BA6EB002BE2D3 /* AuthManager.swift in Sources */,
				FA9C60EB2A9B9B63002BE2D3 /* AppDelegate.swift in Sources */,
				FA9C60ED2A9B9B63002BE2D3 /* SceneDelegate.swift in Sources */,
				FA9C61192A9B9D70002BE2D3 /* ListViewController.swift in Sources */,
				FA9C61172A9B9D63002BE2D3 /* SettingsViewController.swift in Sources */,
			);
			runOnlyForDeploymentPostprocessing = 0;
		};
/* End PBXSourcesBuildPhase section */

/* Begin PBXVariantGroup section */
		FA9C60F02A9B9B63002BE2D3 /* Main.storyboard */ = {
			isa = PBXVariantGroup;
			children = (
				FA9C60F12A9B9B63002BE2D3 /* Base */,
			);
			name = Main.storyboard;
			sourceTree = "<group>";
		};
		FA9C60F52A9B9B64002BE2D3 /* LaunchScreen.storyboard */ = {
			isa = PBXVariantGroup;
			children = (
				FA9C60F62A9B9B64002BE2D3 /* Base */,
			);
			name = LaunchScreen.storyboard;
			sourceTree = "<group>";
		};
/* End PBXVariantGroup section */

/* Begin XCBuildConfiguration section */
		FA9C60F92A9B9B64002BE2D3 /* Debug */ = {
			isa = XCBuildConfiguration;
			buildSettings = {
				ALWAYS_SEARCH_USER_PATHS = NO;
				CLANG_ANALYZER_NONNULL = YES;
				CLANG_ANALYZER_NUMBER_OBJECT_CONVERSION = YES_AGGRESSIVE;
				CLANG_CXX_LANGUAGE_STANDARD = "gnu++20";
				CLANG_ENABLE_MODULES = YES;
				CLANG_ENABLE_OBJC_ARC = YES;
				CLANG_ENABLE_OBJC_WEAK = YES;
				CLANG_WARN_BLOCK_CAPTURE_AUTORELEASING = YES;
				CLANG_WARN_BOOL_CONVERSION = YES;
				CLANG_WARN_COMMA = YES;
				CLANG_WARN_CONSTANT_CONVERSION = YES;
				CLANG_WARN_DEPRECATED_OBJC_IMPLEMENTATIONS = YES;
				CLANG_WARN_DIRECT_OBJC_ISA_USAGE = YES_ERROR;
				CLANG_WARN_DOCUMENTATION_COMMENTS = YES;
				CLANG_WARN_EMPTY_BODY = YES;
				CLANG_WARN_ENUM_CONVERSION = YES;
				CLANG_WARN_INFINITE_RECURSION = YES;
				CLANG_WARN_INT_CONVERSION = YES;
				CLANG_WARN_NON_LITERAL_NULL_CONVERSION = YES;
				CLANG_WARN_OBJC_IMPLICIT_RETAIN_SELF = YES;
				CLANG_WARN_OBJC_LITERAL_CONVERSION = YES;
				CLANG_WARN_OBJC_ROOT_CLASS = YES_ERROR;
				CLANG_WARN_QUOTED_INCLUDE_IN_FRAMEWORK_HEADER = YES;
				CLANG_WARN_RANGE_LOOP_ANALYSIS = YES;
				CLANG_WARN_STRICT_PROTOTYPES = YES;
				CLANG_WARN_SUSPICIOUS_MOVE = YES;
				CLANG_WARN_UNGUARDED_AVAILABILITY = YES_AGGRESSIVE;
				CLANG_WARN_UNREACHABLE_CODE = YES;
				CLANG_WARN__DUPLICATE_METHOD_MATCH = YES;
				COPY_PHASE_STRIP = NO;
				DEBUG_INFORMATION_FORMAT = dwarf;
				ENABLE_STRICT_OBJC_MSGSEND = YES;
				ENABLE_TESTABILITY = YES;
				GCC_C_LANGUAGE_STANDARD = gnu11;
				GCC_DYNAMIC_NO_PIC = NO;
				GCC_NO_COMMON_BLOCKS = YES;
				GCC_OPTIMIZATION_LEVEL = 0;
				GCC_PREPROCESSOR_DEFINITIONS = (
					"DEBUG=1",
					"$(inherited)",
				);
				GCC_WARN_64_TO_32_BIT_CONVERSION = YES;
				GCC_WARN_ABOUT_RETURN_TYPE = YES_ERROR;
				GCC_WARN_UNDECLARED_SELECTOR = YES;
				GCC_WARN_UNINITIALIZED_AUTOS = YES_AGGRESSIVE;
				GCC_WARN_UNUSED_FUNCTION = YES;
				GCC_WARN_UNUSED_VARIABLE = YES;
				IPHONEOS_DEPLOYMENT_TARGET = 16.2;
				MTL_ENABLE_DEBUG_INFO = INCLUDE_SOURCE;
				MTL_FAST_MATH = YES;
				ONLY_ACTIVE_ARCH = YES;
				SDKROOT = iphoneos;
				SWIFT_ACTIVE_COMPILATION_CONDITIONS = DEBUG;
				SWIFT_OPTIMIZATION_LEVEL = "-Onone";
			};
			name = Debug;
		};
		FA9C60FA2A9B9B64002BE2D3 /* Release */ = {
			isa = XCBuildConfiguration;
			buildSettings = {
				ALWAYS_SEARCH_USER_PATHS = NO;
				CLANG_ANALYZER_NONNULL = YES;
				CLANG_ANALYZER_NUMBER_OBJECT_CONVERSION = YES_AGGRESSIVE;
				CLANG_CXX_LANGUAGE_STANDARD = "gnu++20";
				CLANG_ENABLE_MODULES = YES;
				CLANG_ENABLE_OBJC_ARC = YES;
				CLANG_ENABLE_OBJC_WEAK = YES;
				CLANG_WARN_BLOCK_CAPTURE_AUTORELEASING = YES;
				CLANG_WARN_BOOL_CONVERSION = YES;
				CLANG_WARN_COMMA = YES;
				CLANG_WARN_CONSTANT_CONVERSION = YES;
				CLANG_WARN_DEPRECATED_OBJC_IMPLEMENTATIONS = YES;
				CLANG_WARN_DIRECT_OBJC_ISA_USAGE = YES_ERROR;
				CLANG_WARN_DOCUMENTATION_COMMENTS = YES;
				CLANG_WARN_EMPTY_BODY = YES;
				CLANG_WARN_ENUM_CONVERSION = YES;
				CLANG_WARN_INFINITE_RECURSION = YES;
				CLANG_WARN_INT_CONVERSION = YES;
				CLANG_WARN_NON_LITERAL_NULL_CONVERSION = YES;
				CLANG_WARN_OBJC_IMPLICIT_RETAIN_SELF = YES;
				CLANG_WARN_OBJC_LITERAL_CONVERSION = YES;
				CLANG_WARN_OBJC_ROOT_CLASS = YES_ERROR;
				CLANG_WARN_QUOTED_INCLUDE_IN_FRAMEWORK_HEADER = YES;
				CLANG_WARN_RANGE_LOOP_ANALYSIS = YES;
				CLANG_WARN_STRICT_PROTOTYPES = YES;
				CLANG_WARN_SUSPICIOUS_MOVE = YES;
				CLANG_WARN_UNGUARDED_AVAILABILITY = YES_AGGRESSIVE;
				CLANG_WARN_UNREACHABLE_CODE = YES;
				CLANG_WARN__DUPLICATE_METHOD_MATCH = YES;
				COPY_PHASE_STRIP = NO;
				DEBUG_INFORMATION_FORMAT = "dwarf-with-dsym";
				ENABLE_NS_ASSERTIONS = NO;
				ENABLE_STRICT_OBJC_MSGSEND = YES;
				GCC_C_LANGUAGE_STANDARD = gnu11;
				GCC_NO_COMMON_BLOCKS = YES;
				GCC_WARN_64_TO_32_BIT_CONVERSION = YES;
				GCC_WARN_ABOUT_RETURN_TYPE = YES_ERROR;
				GCC_WARN_UNDECLARED_SELECTOR = YES;
				GCC_WARN_UNINITIALIZED_AUTOS = YES_AGGRESSIVE;
				GCC_WARN_UNUSED_FUNCTION = YES;
				GCC_WARN_UNUSED_VARIABLE = YES;
				IPHONEOS_DEPLOYMENT_TARGET = 16.2;
				MTL_ENABLE_DEBUG_INFO = NO;
				MTL_FAST_MATH = YES;
				SDKROOT = iphoneos;
				SWIFT_COMPILATION_MODE = wholemodule;
				SWIFT_OPTIMIZATION_LEVEL = "-O";
				VALIDATE_PRODUCT = YES;
			};
			name = Release;
		};
		FA9C60FC2A9B9B64002BE2D3 /* Debug */ = {
			isa = XCBuildConfiguration;
			baseConfigurationReference = D449EFF7D45B8F1D7A1420D4 /* Pods-Instagram.debug.xcconfig */;
			buildSettings = {
				ASSETCATALOG_COMPILER_APPICON_NAME = AppIcon;
				ASSETCATALOG_COMPILER_GLOBAL_ACCENT_COLOR_NAME = AccentColor;
				CODE_SIGN_STYLE = Automatic;
				CURRENT_PROJECT_VERSION = 1;
				DEVELOPMENT_TEAM = 7VH656XWK6;
				GENERATE_INFOPLIST_FILE = YES;
				INFOPLIST_FILE = Instagram/Info.plist;
				INFOPLIST_KEY_UIApplicationSupportsIndirectInputEvents = YES;
				INFOPLIST_KEY_UILaunchStoryboardName = LaunchScreen;
				INFOPLIST_KEY_UIMainStoryboardFile = Main;
				INFOPLIST_KEY_UISupportedInterfaceOrientations_iPad = "UIInterfaceOrientationPortrait UIInterfaceOrientationPortraitUpsideDown UIInterfaceOrientationLandscapeLeft UIInterfaceOrientationLandscapeRight";
				INFOPLIST_KEY_UISupportedInterfaceOrientations_iPhone = "UIInterfaceOrientationPortrait UIInterfaceOrientationLandscapeLeft UIInterfaceOrientationLandscapeRight";
				IPHONEOS_DEPLOYMENT_TARGET = 13.0;
				LD_RUNPATH_SEARCH_PATHS = (
					"$(inherited)",
					"@executable_path/Frameworks",
				);
				MARKETING_VERSION = 1.0;
				PRODUCT_BUNDLE_IDENTIFIER = com.onurfidan.Instagram;
				PRODUCT_NAME = "$(TARGET_NAME)";
				SWIFT_EMIT_LOC_STRINGS = YES;
				SWIFT_VERSION = 5.0;
				TARGETED_DEVICE_FAMILY = "1,2";
			};
			name = Debug;
		};
		FA9C60FD2A9B9B64002BE2D3 /* Release */ = {
			isa = XCBuildConfiguration;
			baseConfigurationReference = 5E1F891BFD8ECB067D0EDFA5 /* Pods-Instagram.release.xcconfig */;
			buildSettings = {
				ASSETCATALOG_COMPILER_APPICON_NAME = AppIcon;
				ASSETCATALOG_COMPILER_GLOBAL_ACCENT_COLOR_NAME = AccentColor;
				CODE_SIGN_STYLE = Automatic;
				CURRENT_PROJECT_VERSION = 1;
				DEVELOPMENT_TEAM = 7VH656XWK6;
				GENERATE_INFOPLIST_FILE = YES;
				INFOPLIST_FILE = Instagram/Info.plist;
				INFOPLIST_KEY_UIApplicationSupportsIndirectInputEvents = YES;
				INFOPLIST_KEY_UILaunchStoryboardName = LaunchScreen;
				INFOPLIST_KEY_UIMainStoryboardFile = Main;
				INFOPLIST_KEY_UISupportedInterfaceOrientations_iPad = "UIInterfaceOrientationPortrait UIInterfaceOrientationPortraitUpsideDown UIInterfaceOrientationLandscapeLeft UIInterfaceOrientationLandscapeRight";
				INFOPLIST_KEY_UISupportedInterfaceOrientations_iPhone = "UIInterfaceOrientationPortrait UIInterfaceOrientationLandscapeLeft UIInterfaceOrientationLandscapeRight";
				IPHONEOS_DEPLOYMENT_TARGET = 13.0;
				LD_RUNPATH_SEARCH_PATHS = (
					"$(inherited)",
					"@executable_path/Frameworks",
				);
				MARKETING_VERSION = 1.0;
				PRODUCT_BUNDLE_IDENTIFIER = com.onurfidan.Instagram;
				PRODUCT_NAME = "$(TARGET_NAME)";
				SWIFT_EMIT_LOC_STRINGS = YES;
				SWIFT_VERSION = 5.0;
				TARGETED_DEVICE_FAMILY = "1,2";
			};
			name = Release;
		};
/* End XCBuildConfiguration section */

/* Begin XCConfigurationList section */
		FA9C60E22A9B9B63002BE2D3 /* Build configuration list for PBXProject "Instagram" */ = {
			isa = XCConfigurationList;
			buildConfigurations = (
				FA9C60F92A9B9B64002BE2D3 /* Debug */,
				FA9C60FA2A9B9B64002BE2D3 /* Release */,
			);
			defaultConfigurationIsVisible = 0;
			defaultConfigurationName = Release;
		};
		FA9C60FB2A9B9B64002BE2D3 /* Build configuration list for PBXNativeTarget "Instagram" */ = {
			isa = XCConfigurationList;
			buildConfigurations = (
				FA9C60FC2A9B9B64002BE2D3 /* Debug */,
				FA9C60FD2A9B9B64002BE2D3 /* Release */,
			);
			defaultConfigurationIsVisible = 0;
			defaultConfigurationName = Release;
		};
/* End XCConfigurationList section */
	};
	rootObject = FA9C60DF2A9B9B63002BE2D3 /* Project object */;
}
